
Microsoft Visual Studio Solution File, Format Version 12.00
# Visual Studio 14
VisualStudioVersion = 14.0.24720.0
MinimumVisualStudioVersion = 10.0.40219.1
Project("{FAE04EC0-301F-11D3-BF4B-00C04F79EFBC}") = "PsychologyMac", "Psychology\PsychologyMac.csproj", "{83960198-EE67-473E-AE85-3138BE23A47E}"
EndProject
Project("{FAE04EC0-301F-11D3-BF4B-00C04F79EFBC}") = "PsychologyVPE", "PsychologyVPE\PsychologyVPE.csproj", "{01EE3D85-AC3D-4CB4-9D7F-25430936FDB2}"
EndProject
Global
	GlobalSection(SolutionConfigurationPlatforms) = preSolution
		Debug|Any CPU = Debug|Any CPU
		Release|Any CPU = Release|Any CPU
	EndGlobalSection
	GlobalSection(ProjectConfigurationPlatforms) = postSolution
		{83960198-EE67-473E-AE85-3138BE23A47E}.Debug|Any CPU.ActiveCfg = Debug|Any CPU
		{83960198-EE67-473E-AE85-3138BE23A47E}.Debug|Any CPU.Build.0 = Debug|Any CPU
		{83960198-EE67-473E-AE85-3138BE23A47E}.Release|Any CPU.ActiveCfg = Release|Any CPU
		{83960198-EE67-473E-AE85-3138BE23A47E}.Release|Any CPU.Build.0 = Release|Any CPU
		{01EE3D85-AC3D-4CB4-9D7F-25430936FDB2}.Debug|Any CPU.ActiveCfg = Debug|Any CPU
		{01EE3D85-AC3D-4CB4-9D7F-25430936FDB2}.Debug|Any CPU.Build.0 = Debug|Any CPU
		{01EE3D85-AC3D-4CB4-9D7F-25430936FDB2}.Release|Any CPU.ActiveCfg = Release|Any CPU
		{01EE3D85-AC3D-4CB4-9D7F-25430936FDB2}.Release|Any CPU.Build.0 = Release|Any CPU
	EndGlobalSection
	GlobalSection(SolutionProperties) = preSolution
		HideSolutionNode = FALSE
	EndGlobalSection
	GlobalSection(MonoDevelopProperties) = preSolution
		Policies = $0
		$0.TextStylePolicy = $1
		$1.FileWidth = 80
		$1.TabsToSpaces = True
		$1.EolMarker = Mac
		$1.scope = text/x-csharp
		$0.CSharpFormattingPolicy = $2
		$2.LabelPositioning = NoIndent
		$2.scope = text/x-csharp
	EndGlobalSection
EndGlobal
